
Microsoft Visual Studio Solution File, Format Version 12.00
# Visual Studio Version 17
VisualStudioVersion = 17.11.35103.136
MinimumVisualStudioVersion = 10.0.40219.1
Project("{2150E333-8FDC-42A3-9474-1A3956D46DE8}") = "Core", "Core", "{1B391EBB-0A53-48DB-A356-6AF1DB6FFDA1}"
EndProject
Project("{FAE04EC0-301F-11D3-BF4B-00C04F79EFBC}") = "Responses", "Core\Responses\Responses.csproj", "{79A84C96-B6C9-4DFF-A1E9-D8A12B6444E1}"
EndProject
Project("{2150E333-8FDC-42A3-9474-1A3956D46DE8}") = "Production Schedule", "Production Schedule", "{EDBD31F4-1962-409F-80EB-87635CBC4470}"
EndProject
Project("{FAE04EC0-301F-11D3-BF4B-00C04F79EFBC}") = "ProductionScheduleFacade.Services", "ProductionSchedule\ProductionScheduleFacade.Services\ProductionScheduleFacade.Services.csproj", "{FDC0B16B-DEB0-47F0-86A6-2540ACDFE7E8}"
EndProject
Project("{FAE04EC0-301F-11D3-BF4B-00C04F79EFBC}") = "ProductionScheduleFacade.Functions", "ProductionSchedule\ProductionScheduleFacade.Functions\ProductionScheduleFacade.Functions.csproj", "{B1E5ABBE-C1BB-486A-B467-1EB87E7DD4F1}"
EndProject
Global
	GlobalSection(SolutionConfigurationPlatforms) = preSolution
		Debug|Any CPU = Debug|Any CPU
		Release|Any CPU = Release|Any CPU
	EndGlobalSection
	GlobalSection(ProjectConfigurationPlatforms) = postSolution
		{79A84C96-B6C9-4DFF-A1E9-D8A12B6444E1}.Debug|Any CPU.ActiveCfg = Debug|Any CPU
		{79A84C96-B6C9-4DFF-A1E9-D8A12B6444E1}.Debug|Any CPU.Build.0 = Debug|Any CPU
		{79A84C96-B6C9-4DFF-A1E9-D8A12B6444E1}.Release|Any CPU.ActiveCfg = Release|Any CPU
		{79A84C96-B6C9-4DFF-A1E9-D8A12B6444E1}.Release|Any CPU.Build.0 = Release|Any CPU
		{FDC0B16B-DEB0-47F0-86A6-2540ACDFE7E8}.Debug|Any CPU.ActiveCfg = Debug|Any CPU
		{FDC0B16B-DEB0-47F0-86A6-2540ACDFE7E8}.Debug|Any CPU.Build.0 = Debug|Any CPU
		{FDC0B16B-DEB0-47F0-86A6-2540ACDFE7E8}.Release|Any CPU.ActiveCfg = Release|Any CPU
		{FDC0B16B-DEB0-47F0-86A6-2540ACDFE7E8}.Release|Any CPU.Build.0 = Release|Any CPU
		{B1E5ABBE-C1BB-486A-B467-1EB87E7DD4F1}.Debug|Any CPU.ActiveCfg = Debug|Any CPU
		{B1E5ABBE-C1BB-486A-B467-1EB87E7DD4F1}.Debug|Any CPU.Build.0 = Debug|Any CPU
		{B1E5ABBE-C1BB-486A-B467-1EB87E7DD4F1}.Release|Any CPU.ActiveCfg = Release|Any CPU
		{B1E5ABBE-C1BB-486A-B467-1EB87E7DD4F1}.Release|Any CPU.Build.0 = Release|Any CPU
	EndGlobalSection
	GlobalSection(SolutionProperties) = preSolution
		HideSolutionNode = FALSE
	EndGlobalSection
	GlobalSection(NestedProjects) = preSolution
		{79A84C96-B6C9-4DFF-A1E9-D8A12B6444E1} = {1B391EBB-0A53-48DB-A356-6AF1DB6FFDA1}
		{FDC0B16B-DEB0-47F0-86A6-2540ACDFE7E8} = {EDBD31F4-1962-409F-80EB-87635CBC4470}
		{B1E5ABBE-C1BB-486A-B467-1EB87E7DD4F1} = {EDBD31F4-1962-409F-80EB-87635CBC4470}
	EndGlobalSection
	GlobalSection(ExtensibilityGlobals) = postSolution
		SolutionGuid = {EF09F61E-6EE0-48E1-B99A-E642924E5A4C}
	EndGlobalSection
EndGlobal
